
Microsoft Visual Studio Solution File, Format Version 12.00
# Visual Studio Version 16
VisualStudioVersion = 16.0.30011.22
MinimumVisualStudioVersion = 10.0.40219.1
Project("{FAE04EC0-301F-11D3-BF4B-00C04F79EFBC}") = "Pimsporter", "SharePointConsoleApp1\Pimsporter.csproj", "{46EC96A2-C477-4E24-986F-3C95246C201C}"
EndProject
Project("{FAE04EC0-301F-11D3-BF4B-00C04F79EFBC}") = "PimsporterTest", "PimsporterTest\PimsporterTest.csproj", "{BDF7C2BE-EA29-469D-A89B-796D624005DF}"
EndProject
Global
	GlobalSection(SolutionConfigurationPlatforms) = preSolution
		Debug|Any CPU = Debug|Any CPU
		Release|Any CPU = Release|Any CPU
	EndGlobalSection
	GlobalSection(ProjectConfigurationPlatforms) = postSolution
		{46EC96A2-C477-4E24-986F-3C95246C201C}.Debug|Any CPU.ActiveCfg = Debug|Any CPU
		{46EC96A2-C477-4E24-986F-3C95246C201C}.Debug|Any CPU.Build.0 = Debug|Any CPU
		{46EC96A2-C477-4E24-986F-3C95246C201C}.Release|Any CPU.ActiveCfg = Release|Any CPU
		{46EC96A2-C477-4E24-986F-3C95246C201C}.Release|Any CPU.Build.0 = Release|Any CPU
		{BDF7C2BE-EA29-469D-A89B-796D624005DF}.Debug|Any CPU.ActiveCfg = Debug|Any CPU
		{BDF7C2BE-EA29-469D-A89B-796D624005DF}.Debug|Any CPU.Build.0 = Debug|Any CPU
		{BDF7C2BE-EA29-469D-A89B-796D624005DF}.Release|Any CPU.ActiveCfg = Release|Any CPU
		{BDF7C2BE-EA29-469D-A89B-796D624005DF}.Release|Any CPU.Build.0 = Release|Any CPU
	EndGlobalSection
	GlobalSection(SolutionProperties) = preSolution
		HideSolutionNode = FALSE
	EndGlobalSection
	GlobalSection(ExtensibilityGlobals) = postSolution
		SolutionGuid = {F8112479-4971-493D-9C1D-C99E68FCF295}
	EndGlobalSection
EndGlobal
